// !$*UTF8*$!
{
	archiveVersion = 1;
	classes = {
	};
	objectVersion = 55;
	objects = {

/* Begin PBXBuildFile section */
		4FF295EB272A9C4B001930D0 /* AppDelegate.swift in Sources */ = {isa = PBXBuildFile; fileRef = 4FF295EA272A9C4B001930D0 /* AppDelegate.swift */; };
		4FF295ED272A9C4B001930D0 /* SceneDelegate.swift in Sources */ = {isa = PBXBuildFile; fileRef = 4FF295EC272A9C4B001930D0 /* SceneDelegate.swift */; };
		4FF295EF272A9C4B001930D0 /* ViewController.swift in Sources */ = {isa = PBXBuildFile; fileRef = 4FF295EE272A9C4B001930D0 /* ViewController.swift */; };
		4FF295F2272A9C4B001930D0 /* Main.storyboard in Resources */ = {isa = PBXBuildFile; fileRef = 4FF295F0272A9C4B001930D0 /* Main.storyboard */; };
		4FF295F5272A9C4B001930D0 /* Hello_world7.xcdatamodeld in Sources */ = {isa = PBXBuildFile; fileRef = 4FF295F3272A9C4B001930D0 /* Hello_world7.xcdatamodeld */; };
		4FF295F7272A9C4C001930D0 /* Assets.xcassets in Resources */ = {isa = PBXBuildFile; fileRef = 4FF295F6272A9C4C001930D0 /* Assets.xcassets */; };
		4FF295FA272A9C4C001930D0 /* LaunchScreen.storyboard in Resources */ = {isa = PBXBuildFile; fileRef = 4FF295F8272A9C4C001930D0 /* LaunchScreen.storyboard */; };
		4FF29605272A9C4C001930D0 /* Hello_world7Tests.swift in Sources */ = {isa = PBXBuildFile; fileRef = 4FF29604272A9C4C001930D0 /* Hello_world7Tests.swift */; };
		4FF2960F272A9C4C001930D0 /* Hello_world7UITests.swift in Sources */ = {isa = PBXBuildFile; fileRef = 4FF2960E272A9C4C001930D0 /* Hello_world7UITests.swift */; };
		4FF29611272A9C4C001930D0 /* Hello_world7UITestsLaunchTests.swift in Sources */ = {isa = PBXBuildFile; fileRef = 4FF29610272A9C4C001930D0 /* Hello_world7UITestsLaunchTests.swift */; };
		4FF2961E272AA0B6001930D0 /* twoViewController.swift in Sources */ = {isa = PBXBuildFile; fileRef = 4FF2961D272AA0B6001930D0 /* twoViewController.swift */; };
/* End PBXBuildFile section */

/* Begin PBXContainerItemProxy section */
		4FF29601272A9C4C001930D0 /* PBXContainerItemProxy */ = {
			isa = PBXContainerItemProxy;
			containerPortal = 4FF295DF272A9C4B001930D0 /* Project object */;
			proxyType = 1;
			remoteGlobalIDString = 4FF295E6272A9C4B001930D0;
			remoteInfo = "Hello world7";
		};
		4FF2960B272A9C4C001930D0 /* PBXContainerItemProxy */ = {
			isa = PBXContainerItemProxy;
			containerPortal = 4FF295DF272A9C4B001930D0 /* Project object */;
			proxyType = 1;
			remoteGlobalIDString = 4FF295E6272A9C4B001930D0;
			remoteInfo = "Hello world7";
		};
/* End PBXContainerItemProxy section */

/* Begin PBXFileReference section */
		4FF295E7272A9C4B001930D0 /* Hello world7.app */ = {isa = PBXFileReference; explicitFileType = wrapper.application; includeInIndex = 0; path = "Hello world7.app"; sourceTree = BUILT_PRODUCTS_DIR; };
		4FF295EA272A9C4B001930D0 /* AppDelegate.swift */ = {isa = PBXFileReference; lastKnownFileType = sourcecode.swift; path = AppDelegate.swift; sourceTree = "<group>"; };
		4FF295EC272A9C4B001930D0 /* SceneDelegate.swift */ = {isa = PBXFileReference; lastKnownFileType = sourcecode.swift; path = SceneDelegate.swift; sourceTree = "<group>"; };
		4FF295EE272A9C4B001930D0 /* ViewController.swift */ = {isa = PBXFileReference; lastKnownFileType = sourcecode.swift; path = ViewController.swift; sourceTree = "<group>"; };
		4FF295F1272A9C4B001930D0 /* Base */ = {isa = PBXFileReference; lastKnownFileType = file.storyboard; name = Base; path = Base.lproj/Main.storyboard; sourceTree = "<group>"; };
		4FF295F4272A9C4B001930D0 /* Hello_world7.xcdatamodel */ = {isa = PBXFileReference; lastKnownFileType = wrapper.xcdatamodel; path = Hello_world7.xcdatamodel; sourceTree = "<group>"; };
		4FF295F6272A9C4C001930D0 /* Assets.xcassets */ = {isa = PBXFileReference; lastKnownFileType = folder.assetcatalog; path = Assets.xcassets; sourceTree = "<group>"; };
		4FF295F9272A9C4C001930D0 /* Base */ = {isa = PBXFileReference; lastKnownFileType = file.storyboard; name = Base; path = Base.lproj/LaunchScreen.storyboard; sourceTree = "<group>"; };
		4FF295FB272A9C4C001930D0 /* Info.plist */ = {isa = PBXFileReference; lastKnownFileType = text.plist.xml; path = Info.plist; sourceTree = "<group>"; };
		4FF29600272A9C4C001930D0 /* Hello world7Tests.xctest */ = {isa = PBXFileReference; explicitFileType = wrapper.cfbundle; includeInIndex = 0; path = "Hello world7Tests.xctest"; sourceTree = BUILT_PRODUCTS_DIR; };
		4FF29604272A9C4C001930D0 /* Hello_world7Tests.swift */ = {isa = PBXFileReference; lastKnownFileType = sourcecode.swift; path = Hello_world7Tests.swift; sourceTree = "<group>"; };
		4FF2960A272A9C4C001930D0 /* Hello world7UITests.xctest */ = {isa = PBXFileReference; explicitFileType = wrapper.cfbundle; includeInIndex = 0; path = "Hello world7UITests.xctest"; sourceTree = BUILT_PRODUCTS_DIR; };
		4FF2960E272A9C4C001930D0 /* Hello_world7UITests.swift */ = {isa = PBXFileReference; lastKnownFileType = sourcecode.swift; path = Hello_world7UITests.swift; sourceTree = "<group>"; };
		4FF29610272A9C4C001930D0 /* Hello_world7UITestsLaunchTests.swift */ = {isa = PBXFileReference; lastKnownFileType = sourcecode.swift; path = Hello_world7UITestsLaunchTests.swift; sourceTree = "<group>"; };
		4FF2961D272AA0B6001930D0 /* twoViewController.swift */ = {isa = PBXFileReference; lastKnownFileType = sourcecode.swift; path = twoViewController.swift; sourceTree = "<group>"; };
/* End PBXFileReference section */

/* Begin PBXFrameworksBuildPhase section */
		4FF295E4272A9C4B001930D0 /* Frameworks */ = {
			isa = PBXFrameworksBuildPhase;
			buildActionMask = 2147483647;
			files = (
			);
			runOnlyForDeploymentPostprocessing = 0;
		};
		4FF295FD272A9C4C001930D0 /* Frameworks */ = {
			isa = PBXFrameworksBuildPhase;
			buildActionMask = 2147483647;
			files = (
			);
			runOnlyForDeploymentPostprocessing = 0;
		};
		4FF29607272A9C4C001930D0 /* Frameworks */ = {
			isa = PBXFrameworksBuildPhase;
			buildActionMask = 2147483647;
			files = (
			);
			runOnlyForDeploymentPostprocessing = 0;
		};
/* End PBXFrameworksBuildPhase section */

/* Begin PBXGroup section */
		4FF295DE272A9C4B001930D0 = {
			isa = PBXGroup;
			children = (
				4FF295E9272A9C4B001930D0 /* Hello world7 */,
				4FF29603272A9C4C001930D0 /* Hello world7Tests */,
				4FF2960D272A9C4C001930D0 /* Hello world7UITests */,
				4FF295E8272A9C4B001930D0 /* Products */,
			);
			sourceTree = "<group>";
		};
		4FF295E8272A9C4B001930D0 /* Products */ = {
			isa = PBXGroup;
			children = (
				4FF295E7272A9C4B001930D0 /* Hello world7.app */,
				4FF29600272A9C4C001930D0 /* Hello world7Tests.xctest */,
				4FF2960A272A9C4C001930D0 /* Hello world7UITests.xctest */,
			);
			name = Products;
			sourceTree = "<group>";
		};
		4FF295E9272A9C4B001930D0 /* Hello world7 */ = {
			isa = PBXGroup;
			children = (
				4FF295EA272A9C4B001930D0 /* AppDelegate.swift */,
				4FF295EC272A9C4B001930D0 /* SceneDelegate.swift */,
				4FF295EE272A9C4B001930D0 /* ViewController.swift */,
				4FF295F0272A9C4B001930D0 /* Main.storyboard */,
				4FF295F6272A9C4C001930D0 /* Assets.xcassets */,
				4FF295F8272A9C4C001930D0 /* LaunchScreen.storyboard */,
				4FF295FB272A9C4C001930D0 /* Info.plist */,
				4FF295F3272A9C4B001930D0 /* Hello_world7.xcdatamodeld */,
				4FF2961D272AA0B6001930D0 /* twoViewController.swift */,
			);
			path = "Hello world7";
			sourceTree = "<group>";
		};
		4FF29603272A9C4C001930D0 /* Hello world7Tests */ = {
			isa = PBXGroup;
			children = (
				4FF29604272A9C4C001930D0 /* Hello_world7Tests.swift */,
			);
			path = "Hello world7Tests";
			sourceTree = "<group>";
		};
		4FF2960D272A9C4C001930D0 /* Hello world7UITests */ = {
			isa = PBXGroup;
			children = (
				4FF2960E272A9C4C001930D0 /* Hello_world7UITests.swift */,
				4FF29610272A9C4C001930D0 /* Hello_world7UITestsLaunchTests.swift */,
			);
			path = "Hello world7UITests";
			sourceTree = "<group>";
		};
/* End PBXGroup section */

/* Begin PBXNativeTarget section */
		4FF295E6272A9C4B001930D0 /* Hello world7 */ = {
			isa = PBXNativeTarget;
			buildConfigurationList = 4FF29614272A9C4C001930D0 /* Build configuration list for PBXNativeTarget "Hello world7" */;
			buildPhases = (
				4FF295E3272A9C4B001930D0 /* Sources */,
				4FF295E4272A9C4B001930D0 /* Frameworks */,
				4FF295E5272A9C4B001930D0 /* Resources */,
			);
			buildRules = (
			);
			dependencies = (
			);
			name = "Hello world7";
			productName = "Hello world7";
			productReference = 4FF295E7272A9C4B001930D0 /* Hello world7.app */;
			productType = "com.apple.product-type.application";
		};
		4FF295FF272A9C4C001930D0 /* Hello world7Tests */ = {
			isa = PBXNativeTarget;
			buildConfigurationList = 4FF29617272A9C4C001930D0 /* Build configuration list for PBXNativeTarget "Hello world7Tests" */;
			buildPhases = (
				4FF295FC272A9C4C001930D0 /* Sources */,
				4FF295FD272A9C4C001930D0 /* Frameworks */,
				4FF295FE272A9C4C001930D0 /* Resources */,
			);
			buildRules = (
			);
			dependencies = (
				4FF29602272A9C4C001930D0 /* PBXTargetDependency */,
			);
			name = "Hello world7Tests";
			productName = "Hello world7Tests";
			productReference = 4FF29600272A9C4C001930D0 /* Hello world7Tests.xctest */;
			productType = "com.apple.product-type.bundle.unit-test";
		};
		4FF29609272A9C4C001930D0 /* Hello world7UITests */ = {
			isa = PBXNativeTarget;
			buildConfigurationList = 4FF2961A272A9C4C001930D0 /* Build configuration list for PBXNativeTarget "Hello world7UITests" */;
			buildPhases = (
				4FF29606272A9C4C001930D0 /* Sources */,
				4FF29607272A9C4C001930D0 /* Frameworks */,
				4FF29608272A9C4C001930D0 /* Resources */,
			);
			buildRules = (
			);
			dependencies = (
				4FF2960C272A9C4C001930D0 /* PBXTargetDependency */,
			);
			name = "Hello world7UITests";
			productName = "Hello world7UITests";
			productReference = 4FF2960A272A9C4C001930D0 /* Hello world7UITests.xctest */;
			productType = "com.apple.product-type.bundle.ui-testing";
		};
/* End PBXNativeTarget section */

/* Begin PBXProject section */
		4FF295DF272A9C4B001930D0 /* Project object */ = {
			isa = PBXProject;
			attributes = {
				BuildIndependentTargetsInParallel = 1;
				LastSwiftUpdateCheck = 1300;
				LastUpgradeCheck = 1300;
				TargetAttributes = {
					4FF295E6272A9C4B001930D0 = {
						CreatedOnToolsVersion = 13.0;
					};
					4FF295FF272A9C4C001930D0 = {
						CreatedOnToolsVersion = 13.0;
						TestTargetID = 4FF295E6272A9C4B001930D0;
					};
					4FF29609272A9C4C001930D0 = {
						CreatedOnToolsVersion = 13.0;
						TestTargetID = 4FF295E6272A9C4B001930D0;
					};
				};
			};
			buildConfigurationList = 4FF295E2272A9C4B001930D0 /* Build configuration list for PBXProject "Hello world7" */;
			compatibilityVersion = "Xcode 13.0";
			developmentRegion = en;
			hasScannedForEncodings = 0;
			knownRegions = (
				en,
				Base,
			);
			mainGroup = 4FF295DE272A9C4B001930D0;
			productRefGroup = 4FF295E8272A9C4B001930D0 /* Products */;
			projectDirPath = "";
			projectRoot = "";
			targets = (
				4FF295E6272A9C4B001930D0 /* Hello world7 */,
				4FF295FF272A9C4C001930D0 /* Hello world7Tests */,
				4FF29609272A9C4C001930D0 /* Hello world7UITests */,
			);
		};
/* End PBXProject section */

/* Begin PBXResourcesBuildPhase section */
		4FF295E5272A9C4B001930D0 /* Resources */ = {
			isa = PBXResourcesBuildPhase;
			buildActionMask = 2147483647;
			files = (
				4FF295FA272A9C4C001930D0 /* LaunchScreen.storyboard in Resources */,
				4FF295F7272A9C4C001930D0 /* Assets.xcassets in Resources */,
				4FF295F2272A9C4B001930D0 /* Main.storyboard in Resources */,
			);
			runOnlyForDeploymentPostprocessing = 0;
		};
		4FF295FE272A9C4C001930D0 /* Resources */ = {
			isa = PBXResourcesBuildPhase;
			buildActionMask = 2147483647;
			files = (
			);
			runOnlyForDeploymentPostprocessing = 0;
		};
		4FF29608272A9C4C001930D0 /* Resources */ = {
			isa = PBXResourcesBuildPhase;
			buildActionMask = 2147483647;
			files = (
			);
			runOnlyForDeploymentPostprocessing = 0;
		};
/* End PBXResourcesBuildPhase section */

/* Begin PBXSourcesBuildPhase section */
		4FF295E3272A9C4B001930D0 /* Sources */ = {
			isa = PBXSourcesBuildPhase;
			buildActionMask = 2147483647;
			files = (
				4FF295EF272A9C4B001930D0 /* ViewController.swift in Sources */,
				4FF295EB272A9C4B001930D0 /* AppDelegate.swift in Sources */,
				4FF295ED272A9C4B001930D0 /* SceneDelegate.swift in Sources */,
				4FF2961E272AA0B6001930D0 /* twoViewController.swift in Sources */,
				4FF295F5272A9C4B001930D0 /* Hello_world7.xcdatamodeld in Sources */,
			);
			runOnlyForDeploymentPostprocessing = 0;
		};
		4FF295FC272A9C4C001930D0 /* Sources */ = {
			isa = PBXSourcesBuildPhase;
			buildActionMask = 2147483647;
			files = (
				4FF29605272A9C4C001930D0 /* Hello_world7Tests.swift in Sources */,
			);
			runOnlyForDeploymentPostprocessing = 0;
		};
		4FF29606272A9C4C001930D0 /* Sources */ = {
			isa = PBXSourcesBuildPhase;
			buildActionMask = 2147483647;
			files = (
				4FF29611272A9C4C001930D0 /* Hello_world7UITestsLaunchTests.swift in Sources */,
				4FF2960F272A9C4C001930D0 /* Hello_world7UITests.swift in Sources */,
			);
			runOnlyForDeploymentPostprocessing = 0;
		};
/* End PBXSourcesBuildPhase section */

/* Begin PBXTargetDependency section */
		4FF29602272A9C4C001930D0 /* PBXTargetDependency */ = {
			isa = PBXTargetDependency;
			target = 4FF295E6272A9C4B001930D0 /* Hello world7 */;
			targetProxy = 4FF29601272A9C4C001930D0 /* PBXContainerItemProxy */;
		};
		4FF2960C272A9C4C001930D0 /* PBXTargetDependency */ = {
			isa = PBXTargetDependency;
			target = 4FF295E6272A9C4B001930D0 /* Hello world7 */;
			targetProxy = 4FF2960B272A9C4C001930D0 /* PBXContainerItemProxy */;
		};
/* End PBXTargetDependency section */

/* Begin PBXVariantGroup section */
		4FF295F0272A9C4B001930D0 /* Main.storyboard */ = {
			isa = PBXVariantGroup;
			children = (
				4FF295F1272A9C4B001930D0 /* Base */,
			);
			name = Main.storyboard;
			sourceTree = "<group>";
		};
		4FF295F8272A9C4C001930D0 /* LaunchScreen.storyboard */ = {
			isa = PBXVariantGroup;
			children = (
				4FF295F9272A9C4C001930D0 /* Base */,
			);
			name = LaunchScreen.storyboard;
			sourceTree = "<group>";
		};
/* End PBXVariantGroup section */

/* Begin XCBuildConfiguration section */
		4FF29612272A9C4C001930D0 /* Debug */ = {
			isa = XCBuildConfiguration;
			buildSettings = {
				ALWAYS_SEARCH_USER_PATHS = NO;
				CLANG_ANALYZER_NONNULL = YES;
				CLANG_ANALYZER_NUMBER_OBJECT_CONVERSION = YES_AGGRESSIVE;
				CLANG_CXX_LANGUAGE_STANDARD = "gnu++17";
				CLANG_CXX_LIBRARY = "libc++";
				CLANG_ENABLE_MODULES = YES;
				CLANG_ENABLE_OBJC_ARC = YES;
				CLANG_ENABLE_OBJC_WEAK = YES;
				CLANG_WARN_BLOCK_CAPTURE_AUTORELEASING = YES;
				CLANG_WARN_BOOL_CONVERSION = YES;
				CLANG_WARN_COMMA = YES;
				CLANG_WARN_CONSTANT_CONVERSION = YES;
				CLANG_WARN_DEPRECATED_OBJC_IMPLEMENTATIONS = YES;
				CLANG_WARN_DIRECT_OBJC_ISA_USAGE = YES_ERROR;
				CLANG_WARN_DOCUMENTATION_COMMENTS = YES;
				CLANG_WARN_EMPTY_BODY = YES;
				CLANG_WARN_ENUM_CONVERSION = YES;
				CLANG_WARN_INFINITE_RECURSION = YES;
				CLANG_WARN_INT_CONVERSION = YES;
				CLANG_WARN_NON_LITERAL_NULL_CONVERSION = YES;
				CLANG_WARN_OBJC_IMPLICIT_RETAIN_SELF = YES;
				CLANG_WARN_OBJC_LITERAL_CONVERSION = YES;
				CLANG_WARN_OBJC_ROOT_CLASS = YES_ERROR;
				CLANG_WARN_QUOTED_INCLUDE_IN_FRAMEWORK_HEADER = YES;
				CLANG_WARN_RANGE_LOOP_ANALYSIS = YES;
				CLANG_WARN_STRICT_PROTOTYPES = YES;
				CLANG_WARN_SUSPICIOUS_MOVE = YES;
				CLANG_WARN_UNGUARDED_AVAILABILITY = YES_AGGRESSIVE;
				CLANG_WARN_UNREACHABLE_CODE = YES;
				CLANG_WARN__DUPLICATE_METHOD_MATCH = YES;
				COPY_PHASE_STRIP = NO;
				DEBUG_INFORMATION_FORMAT = dwarf;
				ENABLE_STRICT_OBJC_MSGSEND = YES;
				ENABLE_TESTABILITY = YES;
				GCC_C_LANGUAGE_STANDARD = gnu11;
				GCC_DYNAMIC_NO_PIC = NO;
				GCC_NO_COMMON_BLOCKS = YES;
				GCC_OPTIMIZATION_LEVEL = 0;
				GCC_PREPROCESSOR_DEFINITIONS = (
					"DEBUG=1",
					"$(inherited)",
				);
				GCC_WARN_64_TO_32_BIT_CONVERSION = YES;
				GCC_WARN_ABOUT_RETURN_TYPE = YES_ERROR;
				GCC_WARN_UNDECLARED_SELECTOR = YES;
				GCC_WARN_UNINITIALIZED_AUTOS = YES_AGGRESSIVE;
				GCC_WARN_UNUSED_FUNCTION = YES;
				GCC_WARN_UNUSED_VARIABLE = YES;
				IPHONEOS_DEPLOYMENT_TARGET = 15.0;
				MTL_ENABLE_DEBUG_INFO = INCLUDE_SOURCE;
				MTL_FAST_MATH = YES;
				ONLY_ACTIVE_ARCH = YES;
				SDKROOT = iphoneos;
				SWIFT_ACTIVE_COMPILATION_CONDITIONS = DEBUG;
				SWIFT_OPTIMIZATION_LEVEL = "-Onone";
			};
			name = Debug;
		};
		4FF29613272A9C4C001930D0 /* Release */ = {
			isa = XCBuildConfiguration;
			buildSettings = {
				ALWAYS_SEARCH_USER_PATHS = NO;
				CLANG_ANALYZER_NONNULL = YES;
				CLANG_ANALYZER_NUMBER_OBJECT_CONVERSION = YES_AGGRESSIVE;
				CLANG_CXX_LANGUAGE_STANDARD = "gnu++17";
				CLANG_CXX_LIBRARY = "libc++";
				CLANG_ENABLE_MODULES = YES;
				CLANG_ENABLE_OBJC_ARC = YES;
				CLANG_ENABLE_OBJC_WEAK = YES;
				CLANG_WARN_BLOCK_CAPTURE_AUTORELEASING = YES;
				CLANG_WARN_BOOL_CONVERSION = YES;
				CLANG_WARN_COMMA = YES;
				CLANG_WARN_CONSTANT_CONVERSION = YES;
				CLANG_WARN_DEPRECATED_OBJC_IMPLEMENTATIONS = YES;
				CLANG_WARN_DIRECT_OBJC_ISA_USAGE = YES_ERROR;
				CLANG_WARN_DOCUMENTATION_COMMENTS = YES;
				CLANG_WARN_EMPTY_BODY = YES;
				CLANG_WARN_ENUM_CONVERSION = YES;
				CLANG_WARN_INFINITE_RECURSION = YES;
				CLANG_WARN_INT_CONVERSION = YES;
				CLANG_WARN_NON_LITERAL_NULL_CONVERSION = YES;
				CLANG_WARN_OBJC_IMPLICIT_RETAIN_SELF = YES;
				CLANG_WARN_OBJC_LITERAL_CONVERSION = YES;
				CLANG_WARN_OBJC_ROOT_CLASS = YES_ERROR;
				CLANG_WARN_QUOTED_INCLUDE_IN_FRAMEWORK_HEADER = YES;
				CLANG_WARN_RANGE_LOOP_ANALYSIS = YES;
				CLANG_WARN_STRICT_PROTOTYPES = YES;
				CLANG_WARN_SUSPICIOUS_MOVE = YES;
				CLANG_WARN_UNGUARDED_AVAILABILITY = YES_AGGRESSIVE;
				CLANG_WARN_UNREACHABLE_CODE = YES;
				CLANG_WARN__DUPLICATE_METHOD_MATCH = YES;
				COPY_PHASE_STRIP = NO;
				DEBUG_INFORMATION_FORMAT = "dwarf-with-dsym";
				ENABLE_NS_ASSERTIONS = NO;
				ENABLE_STRICT_OBJC_MSGSEND = YES;
				GCC_C_LANGUAGE_STANDARD = gnu11;
				GCC_NO_COMMON_BLOCKS = YES;
				GCC_WARN_64_TO_32_BIT_CONVERSION = YES;
				GCC_WARN_ABOUT_RETURN_TYPE = YES_ERROR;
				GCC_WARN_UNDECLARED_SELECTOR = YES;
				GCC_WARN_UNINITIALIZED_AUTOS = YES_AGGRESSIVE;
				GCC_WARN_UNUSED_FUNCTION = YES;
				GCC_WARN_UNUSED_VARIABLE = YES;
				IPHONEOS_DEPLOYMENT_TARGET = 15.0;
				MTL_ENABLE_DEBUG_INFO = NO;
				MTL_FAST_MATH = YES;
				SDKROOT = iphoneos;
				SWIFT_COMPILATION_MODE = wholemodule;
				SWIFT_OPTIMIZATION_LEVEL = "-O";
				VALIDATE_PRODUCT = YES;
			};
			name = Release;
		};
		4FF29615272A9C4C001930D0 /* Debug */ = {
			isa = XCBuildConfiguration;
			buildSettings = {
				ASSETCATALOG_COMPILER_APPICON_NAME = AppIcon;
				ASSETCATALOG_COMPILER_GLOBAL_ACCENT_COLOR_NAME = AccentColor;
				CODE_SIGN_STYLE = Automatic;
				CURRENT_PROJECT_VERSION = 1;
				GENERATE_INFOPLIST_FILE = YES;
				INFOPLIST_FILE = "Hello world7/Info.plist";
				INFOPLIST_KEY_UIApplicationSupportsIndirectInputEvents = YES;
				INFOPLIST_KEY_UILaunchStoryboardName = LaunchScreen;
				INFOPLIST_KEY_UIMainStoryboardFile = Main;
				INFOPLIST_KEY_UISupportedInterfaceOrientations_iPad = "UIInterfaceOrientationPortrait UIInterfaceOrientationPortraitUpsideDown UIInterfaceOrientationLandscapeLeft UIInterfaceOrientationLandscapeRight";
				INFOPLIST_KEY_UISupportedInterfaceOrientations_iPhone = "UIInterfaceOrientationPortrait UIInterfaceOrientationLandscapeLeft UIInterfaceOrientationLandscapeRight";
				LD_RUNPATH_SEARCH_PATHS = (
					"$(inherited)",
					"@executable_path/Frameworks",
				);
				MARKETING_VERSION = 1.0;
				PRODUCT_BUNDLE_IDENTIFIER = "---.Hello-world7";
				PRODUCT_NAME = "$(TARGET_NAME)";
				SWIFT_EMIT_LOC_STRINGS = YES;
				SWIFT_VERSION = 5.0;
				TARGETED_DEVICE_FAMILY = "1,2";
			};
			name = Debug;
		};
		4FF29616272A9C4C001930D0 /* Release */ = {
			isa = XCBuildConfiguration;
			buildSettings = {
				ASSETCATALOG_COMPILER_APPICON_NAME = AppIcon;
				ASSETCATALOG_COMPILER_GLOBAL_ACCENT_COLOR_NAME = AccentColor;
				CODE_SIGN_STYLE = Automatic;
				CURRENT_PROJECT_VERSION = 1;
				GENERATE_INFOPLIST_FILE = YES;
				INFOPLIST_FILE = "Hello world7/Info.plist";
				INFOPLIST_KEY_UIApplicationSupportsIndirectInputEvents = YES;
				INFOPLIST_KEY_UILaunchStoryboardName = LaunchScreen;
				INFOPLIST_KEY_UIMainStoryboardFile = Main;
				INFOPLIST_KEY_UISupportedInterfaceOrientations_iPad = "UIInterfaceOrientationPortrait UIInterfaceOrientationPortraitUpsideDown UIInterfaceOrientationLandscapeLeft UIInterfaceOrientationLandscapeRight";
				INFOPLIST_KEY_UISupportedInterfaceOrientations_iPhone = "UIInterfaceOrientationPortrait UIInterfaceOrientationLandscapeLeft UIInterfaceOrientationLandscapeRight";
				LD_RUNPATH_SEARCH_PATHS = (
					"$(inherited)",
					"@executable_path/Frameworks",
				);
				MARKETING_VERSION = 1.0;
				PRODUCT_BUNDLE_IDENTIFIER = "---.Hello-world7";
				PRODUCT_NAME = "$(TARGET_NAME)";
				SWIFT_EMIT_LOC_STRINGS = YES;
				SWIFT_VERSION = 5.0;
				TARGETED_DEVICE_FAMILY = "1,2";
			};
			name = Release;
		};
		4FF29618272A9C4C001930D0 /* Debug */ = {
			isa = XCBuildConfiguration;
			buildSettings = {
				ALWAYS_EMBED_SWIFT_STANDARD_LIBRARIES = YES;
				BUNDLE_LOADER = "$(TEST_HOST)";
				CODE_SIGN_STYLE = Automatic;
				CURRENT_PROJECT_VERSION = 1;
				GENERATE_INFOPLIST_FILE = YES;
				IPHONEOS_DEPLOYMENT_TARGET = 15.0;
				LD_RUNPATH_SEARCH_PATHS = (
					"$(inherited)",
					"@executable_path/Frameworks",
					"@loader_path/Frameworks",
				);
				MARKETING_VERSION = 1.0;
				PRODUCT_BUNDLE_IDENTIFIER = "---.Hello-world7Tests";
				PRODUCT_NAME = "$(TARGET_NAME)";
				SWIFT_EMIT_LOC_STRINGS = NO;
				SWIFT_VERSION = 5.0;
				TARGETED_DEVICE_FAMILY = "1,2";
				TEST_HOST = "$(BUILT_PRODUCTS_DIR)/Hello world7.app/Hello world7";
			};
			name = Debug;
		};
		4FF29619272A9C4C001930D0 /* Release */ = {
			isa = XCBuildConfiguration;
			buildSettings = {
				ALWAYS_EMBED_SWIFT_STANDARD_LIBRARIES = YES;
				BUNDLE_LOADER = "$(TEST_HOST)";
				CODE_SIGN_STYLE = Automatic;
				CURRENT_PROJECT_VERSION = 1;
				GENERATE_INFOPLIST_FILE = YES;
				IPHONEOS_DEPLOYMENT_TARGET = 15.0;
				LD_RUNPATH_SEARCH_PATHS = (
					"$(inherited)",
					"@executable_path/Frameworks",
					"@loader_path/Frameworks",
				);
				MARKETING_VERSION = 1.0;
				PRODUCT_BUNDLE_IDENTIFIER = "---.Hello-world7Tests";
				PRODUCT_NAME = "$(TARGET_NAME)";
				SWIFT_EMIT_LOC_STRINGS = NO;
				SWIFT_VERSION = 5.0;
				TARGETED_DEVICE_FAMILY = "1,2";
				TEST_HOST = "$(BUILT_PRODUCTS_DIR)/Hello world7.app/Hello world7";
			};
			name = Release;
		};
		4FF2961B272A9C4C001930D0 /* Debug */ = {
			isa = XCBuildConfiguration;
			buildSettings = {
				ALWAYS_EMBED_SWIFT_STANDARD_LIBRARIES = YES;
				CODE_SIGN_STYLE = Automatic;
				CURRENT_PROJECT_VERSION = 1;
				GENERATE_INFOPLIST_FILE = YES;
				LD_RUNPATH_SEARCH_PATHS = (
					"$(inherited)",
					"@executable_path/Frameworks",
					"@loader_path/Frameworks",
				);
				MARKETING_VERSION = 1.0;
				PRODUCT_BUNDLE_IDENTIFIER = "---.Hello-world7UITests";
				PRODUCT_NAME = "$(TARGET_NAME)";
				SWIFT_EMIT_LOC_STRINGS = NO;
				SWIFT_VERSION = 5.0;
				TARGETED_DEVICE_FAMILY = "1,2";
				TEST_TARGET_NAME = "Hello world7";
			};
			name = Debug;
		};
		4FF2961C272A9C4C001930D0 /* Release */ = {
			isa = XCBuildConfiguration;
			buildSettings = {
				ALWAYS_EMBED_SWIFT_STANDARD_LIBRARIES = YES;
				CODE_SIGN_STYLE = Automatic;
				CURRENT_PROJECT_VERSION = 1;
				GENERATE_INFOPLIST_FILE = YES;
				LD_RUNPATH_SEARCH_PATHS = (
					"$(inherited)",
					"@executable_path/Frameworks",
					"@loader_path/Frameworks",
				);
				MARKETING_VERSION = 1.0;
				PRODUCT_BUNDLE_IDENTIFIER = "---.Hello-world7UITests";
				PRODUCT_NAME = "$(TARGET_NAME)";
				SWIFT_EMIT_LOC_STRINGS = NO;
				SWIFT_VERSION = 5.0;
				TARGETED_DEVICE_FAMILY = "1,2";
				TEST_TARGET_NAME = "Hello world7";
			};
			name = Release;
		};
/* End XCBuildConfiguration section */

/* Begin XCConfigurationList section */
		4FF295E2272A9C4B001930D0 /* Build configuration list for PBXProject "Hello world7" */ = {
			isa = XCConfigurationList;
			buildConfigurations = (
				4FF29612272A9C4C001930D0 /* Debug */,
				4FF29613272A9C4C001930D0 /* Release */,
			);
			defaultConfigurationIsVisible = 0;
			defaultConfigurationName = Release;
		};
		4FF29614272A9C4C001930D0 /* Build configuration list for PBXNativeTarget "Hello world7" */ = {
			isa = XCConfigurationList;
			buildConfigurations = (
				4FF29615272A9C4C001930D0 /* Debug */,
				4FF29616272A9C4C001930D0 /* Release */,
			);
			defaultConfigurationIsVisible = 0;
			defaultConfigurationName = Release;
		};
		4FF29617272A9C4C001930D0 /* Build configuration list for PBXNativeTarget "Hello world7Tests" */ = {
			isa = XCConfigurationList;
			buildConfigurations = (
				4FF29618272A9C4C001930D0 /* Debug */,
				4FF29619272A9C4C001930D0 /* Release */,
			);
			defaultConfigurationIsVisible = 0;
			defaultConfigurationName = Release;
		};
		4FF2961A272A9C4C001930D0 /* Build configuration list for PBXNativeTarget "Hello world7UITests" */ = {
			isa = XCConfigurationList;
			buildConfigurations = (
				4FF2961B272A9C4C001930D0 /* Debug */,
				4FF2961C272A9C4C001930D0 /* Release */,
			);
			defaultConfigurationIsVisible = 0;
			defaultConfigurationName = Release;
		};
/* End XCConfigurationList section */

/* Begin XCVersionGroup section */
		4FF295F3272A9C4B001930D0 /* Hello_world7.xcdatamodeld */ = {
			isa = XCVersionGroup;
			children = (
				4FF295F4272A9C4B001930D0 /* Hello_world7.xcdatamodel */,
			);
			currentVersion = 4FF295F4272A9C4B001930D0 /* Hello_world7.xcdatamodel */;
			path = Hello_world7.xcdatamodeld;
			sourceTree = "<group>";
			versionGroupType = wrapper.xcdatamodel;
		};
/* End XCVersionGroup section */
	};
	rootObject = 4FF295DF272A9C4B001930D0 /* Project object */;
}
